<?xml version="1.0" encoding="utf-8"?>
<Project ToolsVersion="4.0" xmlns="http://schemas.microsoft.com/developer/msbuild/2003">
  <ItemGroup>
    <ClCompile Include="PlayerTest.cpp" />
    <ClCompile Include="..\Cluedo\Card.cpp">
      <Filter>Cluedo Source Files</Filter>
    </ClCompile>
    <ClCompile Include="..\Cluedo\Player.cpp">
      <Filter>Cluedo Source Files</Filter>
    </ClCompile>
    <ClCompile Include="stdafx.cpp" />
    <ClCompile Include="..\Cluedo\Globals.cpp">
      <Filter>Cluedo Source Files</Filter>
    </ClCompile>
  </ItemGroup>
  <ItemGroup>
    <None Include="packages.config" />
  </ItemGroup>
  <ItemGroup>
    <Filter Include="Cluedo Source Files">
      <UniqueIdentifier>{bc16716a-7983-4e8c-a2aa-a9a9d5ea70b7}</UniqueIdentifier>
    </Filter>
  </ItemGroup>
  <ItemGroup>
    <ClInclude Include="stdafx.h" />
  </ItemGroup>
</Project>